// !$*UTF8*$!
{
	archiveVersion = 1;
	classes = {
	};
	objectVersion = 48;
	objects = {

/* Begin PBXBuildFile section */
		410E8976216FDAAC00565D4B /* RUtil.swift in Sources */ = {isa = PBXBuildFile; fileRef = 410E8975216FDAAC00565D4B /* RUtil.swift */; };
		410E8978216FDB0700565D4B /* ErrorBean.swift in Sources */ = {isa = PBXBuildFile; fileRef = 410E8977216FDB0700565D4B /* ErrorBean.swift */; };
		410E897A216FDB3900565D4B /* Constants.swift in Sources */ = {isa = PBXBuildFile; fileRef = 410E8979216FDB3900565D4B /* Constants.swift */; };
		410E897C216FDB7500565D4B /* Colors.swift in Sources */ = {isa = PBXBuildFile; fileRef = 410E897B216FDB7500565D4B /* Colors.swift */; };
		410E897E216FDB9100565D4B /* Fonts.swift in Sources */ = {isa = PBXBuildFile; fileRef = 410E897D216FDB9100565D4B /* Fonts.swift */; };
		410E8981216FDC3900565D4B /* Session.swift in Sources */ = {isa = PBXBuildFile; fileRef = 410E8980216FDC3900565D4B /* Session.swift */; };
		410E8983216FDC5000565D4B /* PushNotification.swift in Sources */ = {isa = PBXBuildFile; fileRef = 410E8982216FDC5000565D4B /* PushNotification.swift */; };
		410E8985216FDC6D00565D4B /* DeviceToken.swift in Sources */ = {isa = PBXBuildFile; fileRef = 410E8984216FDC6D00565D4B /* DeviceToken.swift */; };
		410E8987216FDC8100565D4B /* User.swift in Sources */ = {isa = PBXBuildFile; fileRef = 410E8986216FDC8100565D4B /* User.swift */; };
		410E898B216FDD1400565D4B /* LoadingController.swift in Sources */ = {isa = PBXBuildFile; fileRef = 410E898A216FDD1400565D4B /* LoadingController.swift */; };
		412BBCA42174EA6300F16F50 /* TokenOaut.swift in Sources */ = {isa = PBXBuildFile; fileRef = 412BBCA32174EA6300F16F50 /* TokenOaut.swift */; };
		412BBCA62174EDBC00F16F50 /* RequestGeneraTokenBean.swift in Sources */ = {isa = PBXBuildFile; fileRef = 412BBCA52174EDBC00F16F50 /* RequestGeneraTokenBean.swift */; };
		412BBCA821761C6700F16F50 /* ResponseBaseOAuth.swift in Sources */ = {isa = PBXBuildFile; fileRef = 412BBCA721761C6700F16F50 /* ResponseBaseOAuth.swift */; };
		412BBCAA21762A1700F16F50 /* ResponseErrorOauthBean.swift in Sources */ = {isa = PBXBuildFile; fileRef = 412BBCA921762A1700F16F50 /* ResponseErrorOauthBean.swift */; };
		415DE8862178F74F00C3D229 /* MateriasCell.swift in Sources */ = {isa = PBXBuildFile; fileRef = 415DE8852178F74F00C3D229 /* MateriasCell.swift */; };
		4161D066216FD9ED004D6304 /* URLHandler.swift in Sources */ = {isa = PBXBuildFile; fileRef = 4161D065216FD9ED004D6304 /* URLHandler.swift */; };
		4161D068216FDA36004D6304 /* ServiciosUtil.swift in Sources */ = {isa = PBXBuildFile; fileRef = 4161D067216FDA36004D6304 /* ServiciosUtil.swift */; };
		416EE5D52174DDCE0007E5E9 /* RegistroService.swift in Sources */ = {isa = PBXBuildFile; fileRef = 416EE5D42174DDCE0007E5E9 /* RegistroService.swift */; };
		416EE5D72174DE1E0007E5E9 /* RequestRegistraDispositivoBean.swift in Sources */ = {isa = PBXBuildFile; fileRef = 416EE5D62174DE1E0007E5E9 /* RequestRegistraDispositivoBean.swift */; };
		416EE5D92174DFB10007E5E9 /* ResponseRegistroDispositivoBean.swift in Sources */ = {isa = PBXBuildFile; fileRef = 416EE5D82174DFB10007E5E9 /* ResponseRegistroDispositivoBean.swift */; };
		416EE5DB2174E0230007E5E9 /* RespuestaRegistroDispositivoBean.swift in Sources */ = {isa = PBXBuildFile; fileRef = 416EE5DA2174E0230007E5E9 /* RespuestaRegistroDispositivoBean.swift */; };
		419B7A64218B75060090282C /* viewTblCellMaterias.xib in Resources */ = {isa = PBXBuildFile; fileRef = 419B7A63218B75060090282C /* viewTblCellMaterias.xib */; };
		419B7A67218B76CD0090282C /* CustomTblViewCellMaterias.swift in Sources */ = {isa = PBXBuildFile; fileRef = 419B7A66218B76CD0090282C /* CustomTblViewCellMaterias.swift */; };
		41A1A0A5216CEBCF001C302A /* Config.plist in Resources */ = {isa = PBXBuildFile; fileRef = 41A1A0A4216CEBCF001C302A /* Config.plist */; };
		41E5683C2178E5BC00D9F014 /* Grupo.swift in Sources */ = {isa = PBXBuildFile; fileRef = 41E5683B2178E5BC00D9F014 /* Grupo.swift */; };
		9C0005C7216AB6C800F428D4 /* MateriasService.swift in Sources */ = {isa = PBXBuildFile; fileRef = 9C0005C6216AB6C800F428D4 /* MateriasService.swift */; };
		9C042F98213B6EC200292A1E /* ImageCollectionViewCell.swift in Sources */ = {isa = PBXBuildFile; fileRef = 9C042F97213B6EC200292A1E /* ImageCollectionViewCell.swift */; };
		9C042F9A213C62D500292A1E /* AdeudoController.swift in Sources */ = {isa = PBXBuildFile; fileRef = 9C042F99213C62D500292A1E /* AdeudoController.swift */; };
		9C042F9C213C642B00292A1E /* CalificacionController.swift in Sources */ = {isa = PBXBuildFile; fileRef = 9C042F9B213C642B00292A1E /* CalificacionController.swift */; };
		9C042F9E213C656A00292A1E /* MateriaController.swift in Sources */ = {isa = PBXBuildFile; fileRef = 9C042F9D213C656A00292A1E /* MateriaController.swift */; };
		9C042FA0213C664A00292A1E /* PagosController.swift in Sources */ = {isa = PBXBuildFile; fileRef = 9C042F9F213C664A00292A1E /* PagosController.swift */; };
		9C042FA2213CA19300292A1E /* RecuperarController.swift in Sources */ = {isa = PBXBuildFile; fileRef = 9C042FA1213CA19300292A1E /* RecuperarController.swift */; };
		9C1BA18E212A21CB004A4118 /* SideMenuController.swift in Sources */ = {isa = PBXBuildFile; fileRef = 9C1BA18D212A21CB004A4118 /* SideMenuController.swift */; };
		9C1BA190212A2274004A4118 /* PrincipalController.swift in Sources */ = {isa = PBXBuildFile; fileRef = 9C1BA18F212A2274004A4118 /* PrincipalController.swift */; };
		9C338D6F217D3599006DDF51 /* CalificacionCell.swift in Sources */ = {isa = PBXBuildFile; fileRef = 9C338D6E217D3599006DDF51 /* CalificacionCell.swift */; };
		9C338D71217E02BB006DDF51 /* DetalleCalificacionController.swift in Sources */ = {isa = PBXBuildFile; fileRef = 9C338D70217E02BA006DDF51 /* DetalleCalificacionController.swift */; };
		9C433C5821325291008A92B8 /* TerminosController.swift in Sources */ = {isa = PBXBuildFile; fileRef = 9C433C5721325291008A92B8 /* TerminosController.swift */; };
		9C433C5A21325994008A92B8 /* NotificacionController.swift in Sources */ = {isa = PBXBuildFile; fileRef = 9C433C5921325994008A92B8 /* NotificacionController.swift */; };
		9C433C5C21325E2A008A92B8 /* NovedadesController.swift in Sources */ = {isa = PBXBuildFile; fileRef = 9C433C5B21325E2A008A92B8 /* NovedadesController.swift */; };
		9C433C5E21326A76008A92B8 /* AcercaController.swift in Sources */ = {isa = PBXBuildFile; fileRef = 9C433C5D21326A76008A92B8 /* AcercaController.swift */; };
		9C433C6021334E6D008A92B8 /* SesionController.swift in Sources */ = {isa = PBXBuildFile; fileRef = 9C433C5F21334E6D008A92B8 /* SesionController.swift */; };
		9C5AEF8C21054C3F00D821D1 /* Des-GoogleService-Info.plist in Resources */ = {isa = PBXBuildFile; fileRef = 9C5AEF8B21054C3E00D821D1 /* Des-GoogleService-Info.plist */; };
		9C71D4C42102D51800CF131A /* AppDelegate.swift in Sources */ = {isa = PBXBuildFile; fileRef = 9C71D4C32102D51800CF131A /* AppDelegate.swift */; };
		9C71D4C62102D51800CF131A /* ViewController.swift in Sources */ = {isa = PBXBuildFile; fileRef = 9C71D4C52102D51800CF131A /* ViewController.swift */; };
		9C71D4C92102D51800CF131A /* Main.storyboard in Resources */ = {isa = PBXBuildFile; fileRef = 9C71D4C72102D51800CF131A /* Main.storyboard */; };
		9C71D4CB2102D51800CF131A /* Assets.xcassets in Resources */ = {isa = PBXBuildFile; fileRef = 9C71D4CA2102D51800CF131A /* Assets.xcassets */; };
		9C71D4CE2102D51800CF131A /* LaunchScreen.storyboard in Resources */ = {isa = PBXBuildFile; fileRef = 9C71D4CC2102D51800CF131A /* LaunchScreen.storyboard */; };
		9C770D2F2185432F00733E02 /* ListaCalificaciones.swift in Sources */ = {isa = PBXBuildFile; fileRef = 9C770D2E2185432E00733E02 /* ListaCalificaciones.swift */; };
		9C81DE592116794E00203F89 /* AlumnoBean.swift in Sources */ = {isa = PBXBuildFile; fileRef = 9C81DE582116794E00203F89 /* AlumnoBean.swift */; };
		9C81DE5B211679F200203F89 /* CalendarioMateriaBean.swift in Sources */ = {isa = PBXBuildFile; fileRef = 9C81DE5A211679F200203F89 /* CalendarioMateriaBean.swift */; };
		9C81DE5D21167D9800203F89 /* CalificacionDetalleBean.swift in Sources */ = {isa = PBXBuildFile; fileRef = 9C81DE5C21167D9800203F89 /* CalificacionDetalleBean.swift */; };
		9C81DE5F21167E8500203F89 /* CalificacionesBean.swift in Sources */ = {isa = PBXBuildFile; fileRef = 9C81DE5E21167E8500203F89 /* CalificacionesBean.swift */; };
		9C81DE6121167FB000203F89 /* CalificacionMateriaBean.swift in Sources */ = {isa = PBXBuildFile; fileRef = 9C81DE6021167FB000203F89 /* CalificacionMateriaBean.swift */; };
		9C81DE63211680D700203F89 /* CarreraBean.swift in Sources */ = {isa = PBXBuildFile; fileRef = 9C81DE62211680D700203F89 /* CarreraBean.swift */; };
		9C81DE652116816700203F89 /* ConceptoAsistenciaBean.swift in Sources */ = {isa = PBXBuildFile; fileRef = 9C81DE642116816700203F89 /* ConceptoAsistenciaBean.swift */; };
		9C81DE67211681D100203F89 /* ConceptoPagoBean.swift in Sources */ = {isa = PBXBuildFile; fileRef = 9C81DE66211681D100203F89 /* ConceptoPagoBean.swift */; };
		9C81DE692116824100203F89 /* ConfiguracionBackEndBean.swift in Sources */ = {isa = PBXBuildFile; fileRef = 9C81DE682116824100203F89 /* ConfiguracionBackEndBean.swift */; };
		9C81DE6B211682BF00203F89 /* ConfiguracionBannerBean.swift in Sources */ = {isa = PBXBuildFile; fileRef = 9C81DE6A211682BF00203F89 /* ConfiguracionBannerBean.swift */; };
		9C81DE6D2116834E00203F89 /* ConfiguracionFirebase.swift in Sources */ = {isa = PBXBuildFile; fileRef = 9C81DE6C2116834E00203F89 /* ConfiguracionFirebase.swift */; };
		9C81DE6F211683D000203F89 /* ConfiguracionModuloFirebase.swift in Sources */ = {isa = PBXBuildFile; fileRef = 9C81DE6E211683D000203F89 /* ConfiguracionModuloFirebase.swift */; };
		9C81DE712116846300203F89 /* ConfiguracionVersionBean.swift in Sources */ = {isa = PBXBuildFile; fileRef = 9C81DE702116846300203F89 /* ConfiguracionVersionBean.swift */; };
		9C81DE73211684C700203F89 /* DeviceTokenBean.swift in Sources */ = {isa = PBXBuildFile; fileRef = 9C81DE72211684C700203F89 /* DeviceTokenBean.swift */; };
		9C81DE75211684F200203F89 /* DocenteBean.swift in Sources */ = {isa = PBXBuildFile; fileRef = 9C81DE74211684F200203F89 /* DocenteBean.swift */; };
		9C81DE77211685A800203F89 /* GrupoBean.swift in Sources */ = {isa = PBXBuildFile; fileRef = 9C81DE76211685A800203F89 /* GrupoBean.swift */; };
		9C81DE792116863F00203F89 /* ImagenBannerBean.swift in Sources */ = {isa = PBXBuildFile; fileRef = 9C81DE782116863F00203F89 /* ImagenBannerBean.swift */; };
		9C81DE7B2116868A00203F89 /* ItemBean.swift in Sources */ = {isa = PBXBuildFile; fileRef = 9C81DE7A2116868A00203F89 /* ItemBean.swift */; };
		9C81DE7D2116889A00203F89 /* MateriaBean.swift in Sources */ = {isa = PBXBuildFile; fileRef = 9C81DE7C2116889A00203F89 /* MateriaBean.swift */; };
		9C81DE7F2116896A00203F89 /* MateriaCarreraBean.swift in Sources */ = {isa = PBXBuildFile; fileRef = 9C81DE7E2116896A00203F89 /* MateriaCarreraBean.swift */; };
		9C81DE812116904C00203F89 /* NotificacionBean.swift in Sources */ = {isa = PBXBuildFile; fileRef = 9C81DE802116904C00203F89 /* NotificacionBean.swift */; };
		9C81DE832116938C00203F89 /* PagoBean.swift in Sources */ = {isa = PBXBuildFile; fileRef = 9C81DE822116938C00203F89 /* PagoBean.swift */; };
		9C81DE852116945300203F89 /* PagosBean.swift in Sources */ = {isa = PBXBuildFile; fileRef = 9C81DE842116945300203F89 /* PagosBean.swift */; };
		9C81DE872116974400203F89 /* PagosPorAlumnoBean.swift in Sources */ = {isa = PBXBuildFile; fileRef = 9C81DE862116974400203F89 /* PagosPorAlumnoBean.swift */; };
		9C81DE8921169D8E00203F89 /* PromedioBean.swift in Sources */ = {isa = PBXBuildFile; fileRef = 9C81DE8821169D8E00203F89 /* PromedioBean.swift */; };
		9C81DE8B21169DF700203F89 /* RequestPersistirIdFirebaseBean.swift in Sources */ = {isa = PBXBuildFile; fileRef = 9C81DE8A21169DF700203F89 /* RequestPersistirIdFirebaseBean.swift */; };
		9C81DE8D21169E7E00203F89 /* RequestRegisterBean.swift in Sources */ = {isa = PBXBuildFile; fileRef = 9C81DE8C21169E7E00203F89 /* RequestRegisterBean.swift */; };
		9C81DE8F21169EDA00203F89 /* RequestUsuario.swift in Sources */ = {isa = PBXBuildFile; fileRef = 9C81DE8E21169EDA00203F89 /* RequestUsuario.swift */; };
		9C81DE9121169F1D00203F89 /* ResponseBase.swift in Sources */ = {isa = PBXBuildFile; fileRef = 9C81DE9021169F1D00203F89 /* ResponseBase.swift */; };
		9C81DE952116A28000203F89 /* ResponseCalendarioEscolarBean.swift in Sources */ = {isa = PBXBuildFile; fileRef = 9C81DE942116A28000203F89 /* ResponseCalendarioEscolarBean.swift */; };
		9C81DE972116A42700203F89 /* ResponseCalificacionesPorAlumnoGrupoBean.swift in Sources */ = {isa = PBXBuildFile; fileRef = 9C81DE962116A42700203F89 /* ResponseCalificacionesPorAlumnoGrupoBean.swift */; };
		9C81DE992116A4E000203F89 /* ResponseChildRespuestaBean.swift in Sources */ = {isa = PBXBuildFile; fileRef = 9C81DE982116A4E000203F89 /* ResponseChildRespuestaBean.swift */; };
		9C81DE9B2116A57700203F89 /* ResponseCommonItemBean.swift in Sources */ = {isa = PBXBuildFile; fileRef = 9C81DE9A2116A57700203F89 /* ResponseCommonItemBean.swift */; };
		9C81DE9D2116A5CA00203F89 /* ResponseConfiguracionAppBean.swift in Sources */ = {isa = PBXBuildFile; fileRef = 9C81DE9C2116A5CA00203F89 /* ResponseConfiguracionAppBean.swift */; };
		9C81DE9F2116A65000203F89 /* ResponseErrorBean.swift in Sources */ = {isa = PBXBuildFile; fileRef = 9C81DE9E2116A65000203F89 /* ResponseErrorBean.swift */; };
		9C81DEA12116A75F00203F89 /* ResponseMateriasPorCarreraBean.swift in Sources */ = {isa = PBXBuildFile; fileRef = 9C81DEA02116A75F00203F89 /* ResponseMateriasPorCarreraBean.swift */; };
		9C81DEA32116A8D700203F89 /* ResponseObtenerDetalleMateriaBean.swift in Sources */ = {isa = PBXBuildFile; fileRef = 9C81DEA22116A8D700203F89 /* ResponseObtenerDetalleMateriaBean.swift */; };
		9C81DEA52116A94000203F89 /* ResponsePagosPorAlumnoBean.swift in Sources */ = {isa = PBXBuildFile; fileRef = 9C81DEA42116A94000203F89 /* ResponsePagosPorAlumnoBean.swift */; };
		9C81DEA721174F4B00203F89 /* ResponsePersisteRegistroDispositivoBean.swift in Sources */ = {isa = PBXBuildFile; fileRef = 9C81DEA621174F4B00203F89 /* ResponsePersisteRegistroDispositivoBean.swift */; };
		9C81DEA921174FDC00203F89 /* ResponsePersistirIdFirebaseBean.swift in Sources */ = {isa = PBXBuildFile; fileRef = 9C81DEA821174FDC00203F89 /* ResponsePersistirIdFirebaseBean.swift */; };
		9C81DEAB2117504000203F89 /* ResponseSubChildRespuestaBean.swift in Sources */ = {isa = PBXBuildFile; fileRef = 9C81DEAA2117504000203F89 /* ResponseSubChildRespuestaBean.swift */; };
		9C81DEAD2117565600203F89 /* ResponseTokenBean.swift in Sources */ = {isa = PBXBuildFile; fileRef = 9C81DEAC2117565600203F89 /* ResponseTokenBean.swift */; };
		9C81DEAF2117573400203F89 /* ResponseUsuarioBean.swift in Sources */ = {isa = PBXBuildFile; fileRef = 9C81DEAE2117573400203F89 /* ResponseUsuarioBean.swift */; };
		9C81DEB1211757C100203F89 /* RespuestaValidaCuentaAlumnoBean.swift in Sources */ = {isa = PBXBuildFile; fileRef = 9C81DEB0211757C100203F89 /* RespuestaValidaCuentaAlumnoBean.swift */; };
		9C81DEB32117584D00203F89 /* ResponseValidaCuentaAlumnoBean.swift in Sources */ = {isa = PBXBuildFile; fileRef = 9C81DEB22117584D00203F89 /* ResponseValidaCuentaAlumnoBean.swift */; };
		9C81DEB5211765F000203F89 /* SessionBean.swift in Sources */ = {isa = PBXBuildFile; fileRef = 9C81DEB4211765F000203F89 /* SessionBean.swift */; };
		9C81DEB7211768C300203F89 /* TabPagoBean.swift in Sources */ = {isa = PBXBuildFile; fileRef = 9C81DEB6211768C300203F89 /* TabPagoBean.swift */; };
		9C81DEB92117694000203F89 /* Task.swift in Sources */ = {isa = PBXBuildFile; fileRef = 9C81DEB82117694000203F89 /* Task.swift */; };
		9C81DEBB211769D800203F89 /* Task2.swift in Sources */ = {isa = PBXBuildFile; fileRef = 9C81DEBA211769D800203F89 /* Task2.swift */; };
		9C81DEBD21176A5F00203F89 /* Token.swift in Sources */ = {isa = PBXBuildFile; fileRef = 9C81DEBC21176A5F00203F89 /* Token.swift */; };
		9C81DEBF21176AAC00203F89 /* TokenOautBean.swift in Sources */ = {isa = PBXBuildFile; fileRef = 9C81DEBE21176AAC00203F89 /* TokenOautBean.swift */; };
		9C81DEC321176B7000203F89 /* VersionAppBean.swift in Sources */ = {isa = PBXBuildFile; fileRef = 9C81DEC221176B7000203F89 /* VersionAppBean.swift */; };
		9C81DEC52117917A00203F89 /* ResponseBean.swift in Sources */ = {isa = PBXBuildFile; fileRef = 9C81DEC42117917A00203F89 /* ResponseBean.swift */; };
		9C81DEC72117B3F700203F89 /* ValidarController.swift in Sources */ = {isa = PBXBuildFile; fileRef = 9C81DEC62117B3F700203F89 /* ValidarController.swift */; };
		9C81DECA2117CAA800203F89 /* Utilerias.swift in Sources */ = {isa = PBXBuildFile; fileRef = 9C81DEC92117CAA800203F89 /* Utilerias.swift */; };
		9C81DECD2117D00B00203F89 /* ValidarService.swift in Sources */ = {isa = PBXBuildFile; fileRef = 9C81DECC2117D00B00203F89 /* ValidarService.swift */; };
		9C81DECF2128C6CF00203F89 /* ConnectionService.swift in Sources */ = {isa = PBXBuildFile; fileRef = 9C81DECE2128C6CF00203F89 /* ConnectionService.swift */; };
		9C81DED121290C8A00203F89 /* FirebaseService.swift in Sources */ = {isa = PBXBuildFile; fileRef = 9C81DED021290C8A00203F89 /* FirebaseService.swift */; };
		9C81DED3212921BF00203F89 /* RestService.swift in Sources */ = {isa = PBXBuildFile; fileRef = 9C81DED2212921BF00203F89 /* RestService.swift */; };
		9C81DEE2212A06BB00203F89 /* SWRevealViewController.m in Sources */ = {isa = PBXBuildFile; fileRef = 9C81DEE0212A06BB00203F89 /* SWRevealViewController.m */; };
		9C8F568621324EB000AC38ED /* InicioController.swift in Sources */ = {isa = PBXBuildFile; fileRef = 9C8F568521324EB000AC38ED /* InicioController.swift */; };
		9C9758FD217C13F7005E44C7 /* CalificacionesService.swift in Sources */ = {isa = PBXBuildFile; fileRef = 9C9758FC217C13F7005E44C7 /* CalificacionesService.swift */; };
		9CB7D5F4218FBB430040E5F2 /* DetalleCalificacionesService.swift in Sources */ = {isa = PBXBuildFile; fileRef = 9CB7D5F3218FBB430040E5F2 /* DetalleCalificacionesService.swift */; };
		9CE9576F21336DA100C1CE2D /* IniciarSesionService.swift in Sources */ = {isa = PBXBuildFile; fileRef = 9CE9576E21336DA100C1CE2D /* IniciarSesionService.swift */; };
		9CFDDFBD210509D200EFFDF8 /* RegistroController.swift in Sources */ = {isa = PBXBuildFile; fileRef = 9CFDDFBC210509D200EFFDF8 /* RegistroController.swift */; };
		BCAD3B13C1EF8DA68F4D1736 /* Pods_CepcmApp.framework in Frameworks */ = {isa = PBXBuildFile; fileRef = C9DB57D5F63E8EF1E3AF2A40 /* Pods_CepcmApp.framework */; };
/* End PBXBuildFile section */

/* Begin PBXFileReference section */
		1BA9995596CE3D2AA58A3F1D /* Pods-CepcmApp.release.xcconfig */ = {isa = PBXFileReference; includeInIndex = 1; lastKnownFileType = text.xcconfig; name = "Pods-CepcmApp.release.xcconfig"; path = "Pods/Target Support Files/Pods-CepcmApp/Pods-CepcmApp.release.xcconfig"; sourceTree = "<group>"; };
		3CD1DBA012A668125916E99E /* Pods-CepcmApp.debug.xcconfig */ = {isa = PBXFileReference; includeInIndex = 1; lastKnownFileType = text.xcconfig; name = "Pods-CepcmApp.debug.xcconfig"; path = "Pods/Target Support Files/Pods-CepcmApp/Pods-CepcmApp.debug.xcconfig"; sourceTree = "<group>"; };
		410E8975216FDAAC00565D4B /* RUtil.swift */ = {isa = PBXFileReference; lastKnownFileType = sourcecode.swift; path = RUtil.swift; sourceTree = "<group>"; };
		410E8977216FDB0700565D4B /* ErrorBean.swift */ = {isa = PBXFileReference; lastKnownFileType = sourcecode.swift; path = ErrorBean.swift; sourceTree = "<group>"; };
		410E8979216FDB3900565D4B /* Constants.swift */ = {isa = PBXFileReference; lastKnownFileType = sourcecode.swift; path = Constants.swift; sourceTree = "<group>"; };
		410E897B216FDB7500565D4B /* Colors.swift */ = {isa = PBXFileReference; lastKnownFileType = sourcecode.swift; path = Colors.swift; sourceTree = "<group>"; };
		410E897D216FDB9100565D4B /* Fonts.swift */ = {isa = PBXFileReference; lastKnownFileType = sourcecode.swift; path = Fonts.swift; sourceTree = "<group>"; };
		410E8980216FDC3900565D4B /* Session.swift */ = {isa = PBXFileReference; lastKnownFileType = sourcecode.swift; path = Session.swift; sourceTree = "<group>"; };
		410E8982216FDC5000565D4B /* PushNotification.swift */ = {isa = PBXFileReference; lastKnownFileType = sourcecode.swift; path = PushNotification.swift; sourceTree = "<group>"; };
		410E8984216FDC6D00565D4B /* DeviceToken.swift */ = {isa = PBXFileReference; lastKnownFileType = sourcecode.swift; path = DeviceToken.swift; sourceTree = "<group>"; };
		410E8986216FDC8100565D4B /* User.swift */ = {isa = PBXFileReference; lastKnownFileType = sourcecode.swift; path = User.swift; sourceTree = "<group>"; };
		410E898A216FDD1400565D4B /* LoadingController.swift */ = {isa = PBXFileReference; lastKnownFileType = sourcecode.swift; path = LoadingController.swift; sourceTree = "<group>"; };
		412BBCA32174EA6300F16F50 /* TokenOaut.swift */ = {isa = PBXFileReference; lastKnownFileType = sourcecode.swift; path = TokenOaut.swift; sourceTree = "<group>"; };
		412BBCA52174EDBC00F16F50 /* RequestGeneraTokenBean.swift */ = {isa = PBXFileReference; lastKnownFileType = sourcecode.swift; path = RequestGeneraTokenBean.swift; sourceTree = "<group>"; };
		412BBCA721761C6700F16F50 /* ResponseBaseOAuth.swift */ = {isa = PBXFileReference; lastKnownFileType = sourcecode.swift; path = ResponseBaseOAuth.swift; sourceTree = "<group>"; };
		412BBCA921762A1700F16F50 /* ResponseErrorOauthBean.swift */ = {isa = PBXFileReference; lastKnownFileType = sourcecode.swift; path = ResponseErrorOauthBean.swift; sourceTree = "<group>"; };
		415DE8852178F74F00C3D229 /* MateriasCell.swift */ = {isa = PBXFileReference; lastKnownFileType = sourcecode.swift; path = MateriasCell.swift; sourceTree = "<group>"; };
		4161D065216FD9ED004D6304 /* URLHandler.swift */ = {isa = PBXFileReference; lastKnownFileType = sourcecode.swift; path = URLHandler.swift; sourceTree = "<group>"; };
		4161D067216FDA36004D6304 /* ServiciosUtil.swift */ = {isa = PBXFileReference; lastKnownFileType = sourcecode.swift; path = ServiciosUtil.swift; sourceTree = "<group>"; };
		416EE5D42174DDCE0007E5E9 /* RegistroService.swift */ = {isa = PBXFileReference; fileEncoding = 4; lastKnownFileType = sourcecode.swift; path = RegistroService.swift; sourceTree = "<group>"; };
		416EE5D62174DE1E0007E5E9 /* RequestRegistraDispositivoBean.swift */ = {isa = PBXFileReference; fileEncoding = 4; lastKnownFileType = sourcecode.swift; path = RequestRegistraDispositivoBean.swift; sourceTree = "<group>"; };
		416EE5D82174DFB10007E5E9 /* ResponseRegistroDispositivoBean.swift */ = {isa = PBXFileReference; fileEncoding = 4; lastKnownFileType = sourcecode.swift; path = ResponseRegistroDispositivoBean.swift; sourceTree = "<group>"; };
		416EE5DA2174E0230007E5E9 /* RespuestaRegistroDispositivoBean.swift */ = {isa = PBXFileReference; fileEncoding = 4; lastKnownFileType = sourcecode.swift; path = RespuestaRegistroDispositivoBean.swift; sourceTree = "<group>"; };
		419B7A63218B75060090282C /* viewTblCellMaterias.xib */ = {isa = PBXFileReference; lastKnownFileType = file.xib; path = viewTblCellMaterias.xib; sourceTree = "<group>"; };
		419B7A66218B76CD0090282C /* CustomTblViewCellMaterias.swift */ = {isa = PBXFileReference; lastKnownFileType = sourcecode.swift; path = CustomTblViewCellMaterias.swift; sourceTree = "<group>"; };
		41A1A0A4216CEBCF001C302A /* Config.plist */ = {isa = PBXFileReference; lastKnownFileType = text.plist.xml; name = Config.plist; path = Config_plist/Config.plist; sourceTree = "<group>"; };
		41E5683B2178E5BC00D9F014 /* Grupo.swift */ = {isa = PBXFileReference; lastKnownFileType = sourcecode.swift; path = Grupo.swift; sourceTree = "<group>"; };
		9C0005C6216AB6C800F428D4 /* MateriasService.swift */ = {isa = PBXFileReference; lastKnownFileType = sourcecode.swift; path = MateriasService.swift; sourceTree = "<group>"; };
		9C042F97213B6EC200292A1E /* ImageCollectionViewCell.swift */ = {isa = PBXFileReference; lastKnownFileType = sourcecode.swift; path = ImageCollectionViewCell.swift; sourceTree = "<group>"; };
		9C042F99213C62D500292A1E /* AdeudoController.swift */ = {isa = PBXFileReference; lastKnownFileType = sourcecode.swift; path = AdeudoController.swift; sourceTree = "<group>"; };
		9C042F9B213C642B00292A1E /* CalificacionController.swift */ = {isa = PBXFileReference; lastKnownFileType = sourcecode.swift; path = CalificacionController.swift; sourceTree = "<group>"; };
		9C042F9D213C656A00292A1E /* MateriaController.swift */ = {isa = PBXFileReference; lastKnownFileType = sourcecode.swift; path = MateriaController.swift; sourceTree = "<group>"; };
		9C042F9F213C664A00292A1E /* PagosController.swift */ = {isa = PBXFileReference; lastKnownFileType = sourcecode.swift; path = PagosController.swift; sourceTree = "<group>"; };
		9C042FA1213CA19300292A1E /* RecuperarController.swift */ = {isa = PBXFileReference; lastKnownFileType = sourcecode.swift; path = RecuperarController.swift; sourceTree = "<group>"; };
		9C1BA18D212A21CB004A4118 /* SideMenuController.swift */ = {isa = PBXFileReference; lastKnownFileType = sourcecode.swift; path = SideMenuController.swift; sourceTree = "<group>"; };
		9C1BA18F212A2274004A4118 /* PrincipalController.swift */ = {isa = PBXFileReference; lastKnownFileType = sourcecode.swift; path = PrincipalController.swift; sourceTree = "<group>"; };
		9C338D6E217D3599006DDF51 /* CalificacionCell.swift */ = {isa = PBXFileReference; lastKnownFileType = sourcecode.swift; path = CalificacionCell.swift; sourceTree = "<group>"; };
		9C338D70217E02BA006DDF51 /* DetalleCalificacionController.swift */ = {isa = PBXFileReference; lastKnownFileType = sourcecode.swift; path = DetalleCalificacionController.swift; sourceTree = "<group>"; };
		9C433C5721325291008A92B8 /* TerminosController.swift */ = {isa = PBXFileReference; lastKnownFileType = sourcecode.swift; path = TerminosController.swift; sourceTree = "<group>"; };
		9C433C5921325994008A92B8 /* NotificacionController.swift */ = {isa = PBXFileReference; lastKnownFileType = sourcecode.swift; path = NotificacionController.swift; sourceTree = "<group>"; };
		9C433C5B21325E2A008A92B8 /* NovedadesController.swift */ = {isa = PBXFileReference; lastKnownFileType = sourcecode.swift; path = NovedadesController.swift; sourceTree = "<group>"; };
		9C433C5D21326A76008A92B8 /* AcercaController.swift */ = {isa = PBXFileReference; lastKnownFileType = sourcecode.swift; path = AcercaController.swift; sourceTree = "<group>"; };
		9C433C5F21334E6D008A92B8 /* SesionController.swift */ = {isa = PBXFileReference; lastKnownFileType = sourcecode.swift; path = SesionController.swift; sourceTree = "<group>"; };
		9C5AEF8B21054C3E00D821D1 /* Des-GoogleService-Info.plist */ = {isa = PBXFileReference; fileEncoding = 4; lastKnownFileType = text.plist.xml; path = "Des-GoogleService-Info.plist"; sourceTree = "<group>"; };
		9C71D4C02102D51800CF131A /* CepcmApp.app */ = {isa = PBXFileReference; explicitFileType = wrapper.application; includeInIndex = 0; path = CepcmApp.app; sourceTree = BUILT_PRODUCTS_DIR; };
		9C71D4C32102D51800CF131A /* AppDelegate.swift */ = {isa = PBXFileReference; lastKnownFileType = sourcecode.swift; path = AppDelegate.swift; sourceTree = "<group>"; };
		9C71D4C52102D51800CF131A /* ViewController.swift */ = {isa = PBXFileReference; lastKnownFileType = sourcecode.swift; path = ViewController.swift; sourceTree = "<group>"; };
		9C71D4C82102D51800CF131A /* Base */ = {isa = PBXFileReference; lastKnownFileType = file.storyboard; name = Base; path = Base.lproj/Main.storyboard; sourceTree = "<group>"; };
		9C71D4CA2102D51800CF131A /* Assets.xcassets */ = {isa = PBXFileReference; lastKnownFileType = folder.assetcatalog; path = Assets.xcassets; sourceTree = "<group>"; };
		9C71D4CD2102D51800CF131A /* Base */ = {isa = PBXFileReference; lastKnownFileType = file.storyboard; name = Base; path = Base.lproj/LaunchScreen.storyboard; sourceTree = "<group>"; };
		9C71D4CF2102D51800CF131A /* Info.plist */ = {isa = PBXFileReference; lastKnownFileType = text.plist.xml; path = Info.plist; sourceTree = "<group>"; };
		9C770D2E2185432E00733E02 /* ListaCalificaciones.swift */ = {isa = PBXFileReference; lastKnownFileType = sourcecode.swift; path = ListaCalificaciones.swift; sourceTree = "<group>"; };
		9C81DE582116794E00203F89 /* AlumnoBean.swift */ = {isa = PBXFileReference; lastKnownFileType = sourcecode.swift; path = AlumnoBean.swift; sourceTree = "<group>"; };
		9C81DE5A211679F200203F89 /* CalendarioMateriaBean.swift */ = {isa = PBXFileReference; lastKnownFileType = sourcecode.swift; path = CalendarioMateriaBean.swift; sourceTree = "<group>"; };
		9C81DE5C21167D9800203F89 /* CalificacionDetalleBean.swift */ = {isa = PBXFileReference; lastKnownFileType = sourcecode.swift; path = CalificacionDetalleBean.swift; sourceTree = "<group>"; };
		9C81DE5E21167E8500203F89 /* CalificacionesBean.swift */ = {isa = PBXFileReference; lastKnownFileType = sourcecode.swift; path = CalificacionesBean.swift; sourceTree = "<group>"; };
		9C81DE6021167FB000203F89 /* CalificacionMateriaBean.swift */ = {isa = PBXFileReference; lastKnownFileType = sourcecode.swift; path = CalificacionMateriaBean.swift; sourceTree = "<group>"; };
		9C81DE62211680D700203F89 /* CarreraBean.swift */ = {isa = PBXFileReference; lastKnownFileType = sourcecode.swift; path = CarreraBean.swift; sourceTree = "<group>"; };
		9C81DE642116816700203F89 /* ConceptoAsistenciaBean.swift */ = {isa = PBXFileReference; lastKnownFileType = sourcecode.swift; path = ConceptoAsistenciaBean.swift; sourceTree = "<group>"; };
		9C81DE66211681D100203F89 /* ConceptoPagoBean.swift */ = {isa = PBXFileReference; lastKnownFileType = sourcecode.swift; path = ConceptoPagoBean.swift; sourceTree = "<group>"; };
		9C81DE682116824100203F89 /* ConfiguracionBackEndBean.swift */ = {isa = PBXFileReference; lastKnownFileType = sourcecode.swift; path = ConfiguracionBackEndBean.swift; sourceTree = "<group>"; };
		9C81DE6A211682BF00203F89 /* ConfiguracionBannerBean.swift */ = {isa = PBXFileReference; lastKnownFileType = sourcecode.swift; path = ConfiguracionBannerBean.swift; sourceTree = "<group>"; };
		9C81DE6C2116834E00203F89 /* ConfiguracionFirebase.swift */ = {isa = PBXFileReference; lastKnownFileType = sourcecode.swift; path = ConfiguracionFirebase.swift; sourceTree = "<group>"; };
		9C81DE6E211683D000203F89 /* ConfiguracionModuloFirebase.swift */ = {isa = PBXFileReference; lastKnownFileType = sourcecode.swift; path = ConfiguracionModuloFirebase.swift; sourceTree = "<group>"; };
		9C81DE702116846300203F89 /* ConfiguracionVersionBean.swift */ = {isa = PBXFileReference; lastKnownFileType = sourcecode.swift; path = ConfiguracionVersionBean.swift; sourceTree = "<group>"; };
		9C81DE72211684C700203F89 /* DeviceTokenBean.swift */ = {isa = PBXFileReference; lastKnownFileType = sourcecode.swift; path = DeviceTokenBean.swift; sourceTree = "<group>"; };
		9C81DE74211684F200203F89 /* DocenteBean.swift */ = {isa = PBXFileReference; lastKnownFileType = sourcecode.swift; path = DocenteBean.swift; sourceTree = "<group>"; };
		9C81DE76211685A800203F89 /* GrupoBean.swift */ = {isa = PBXFileReference; lastKnownFileType = sourcecode.swift; path = GrupoBean.swift; sourceTree = "<group>"; };
		9C81DE782116863F00203F89 /* ImagenBannerBean.swift */ = {isa = PBXFileReference; lastKnownFileType = sourcecode.swift; path = ImagenBannerBean.swift; sourceTree = "<group>"; };
		9C81DE7A2116868A00203F89 /* ItemBean.swift */ = {isa = PBXFileReference; lastKnownFileType = sourcecode.swift; path = ItemBean.swift; sourceTree = "<group>"; };
		9C81DE7C2116889A00203F89 /* MateriaBean.swift */ = {isa = PBXFileReference; lastKnownFileType = sourcecode.swift; path = MateriaBean.swift; sourceTree = "<group>"; };
		9C81DE7E2116896A00203F89 /* MateriaCarreraBean.swift */ = {isa = PBXFileReference; lastKnownFileType = sourcecode.swift; path = MateriaCarreraBean.swift; sourceTree = "<group>"; };
		9C81DE802116904C00203F89 /* NotificacionBean.swift */ = {isa = PBXFileReference; lastKnownFileType = sourcecode.swift; path = NotificacionBean.swift; sourceTree = "<group>"; };
		9C81DE822116938C00203F89 /* PagoBean.swift */ = {isa = PBXFileReference; lastKnownFileType = sourcecode.swift; path = PagoBean.swift; sourceTree = "<group>"; };
		9C81DE842116945300203F89 /* PagosBean.swift */ = {isa = PBXFileReference; lastKnownFileType = sourcecode.swift; path = PagosBean.swift; sourceTree = "<group>"; };
		9C81DE862116974400203F89 /* PagosPorAlumnoBean.swift */ = {isa = PBXFileReference; lastKnownFileType = sourcecode.swift; path = PagosPorAlumnoBean.swift; sourceTree = "<group>"; };
		9C81DE8821169D8E00203F89 /* PromedioBean.swift */ = {isa = PBXFileReference; lastKnownFileType = sourcecode.swift; path = PromedioBean.swift; sourceTree = "<group>"; };
		9C81DE8A21169DF700203F89 /* RequestPersistirIdFirebaseBean.swift */ = {isa = PBXFileReference; lastKnownFileType = sourcecode.swift; path = RequestPersistirIdFirebaseBean.swift; sourceTree = "<group>"; };
		9C81DE8C21169E7E00203F89 /* RequestRegisterBean.swift */ = {isa = PBXFileReference; lastKnownFileType = sourcecode.swift; path = RequestRegisterBean.swift; sourceTree = "<group>"; };
		9C81DE8E21169EDA00203F89 /* RequestUsuario.swift */ = {isa = PBXFileReference; lastKnownFileType = sourcecode.swift; path = RequestUsuario.swift; sourceTree = "<group>"; };
		9C81DE9021169F1D00203F89 /* ResponseBase.swift */ = {isa = PBXFileReference; lastKnownFileType = sourcecode.swift; path = ResponseBase.swift; sourceTree = "<group>"; };
		9C81DE942116A28000203F89 /* ResponseCalendarioEscolarBean.swift */ = {isa = PBXFileReference; lastKnownFileType = sourcecode.swift; path = ResponseCalendarioEscolarBean.swift; sourceTree = "<group>"; };
		9C81DE962116A42700203F89 /* ResponseCalificacionesPorAlumnoGrupoBean.swift */ = {isa = PBXFileReference; lastKnownFileType = sourcecode.swift; path = ResponseCalificacionesPorAlumnoGrupoBean.swift; sourceTree = "<group>"; };
		9C81DE982116A4E000203F89 /* ResponseChildRespuestaBean.swift */ = {isa = PBXFileReference; lastKnownFileType = sourcecode.swift; path = ResponseChildRespuestaBean.swift; sourceTree = "<group>"; };
		9C81DE9A2116A57700203F89 /* ResponseCommonItemBean.swift */ = {isa = PBXFileReference; lastKnownFileType = sourcecode.swift; path = ResponseCommonItemBean.swift; sourceTree = "<group>"; };
		9C81DE9C2116A5CA00203F89 /* ResponseConfiguracionAppBean.swift */ = {isa = PBXFileReference; lastKnownFileType = sourcecode.swift; path = ResponseConfiguracionAppBean.swift; sourceTree = "<group>"; };
		9C81DE9E2116A65000203F89 /* ResponseErrorBean.swift */ = {isa = PBXFileReference; lastKnownFileType = sourcecode.swift; path = ResponseErrorBean.swift; sourceTree = "<group>"; };
		9C81DEA02116A75F00203F89 /* ResponseMateriasPorCarreraBean.swift */ = {isa = PBXFileReference; lastKnownFileType = sourcecode.swift; path = ResponseMateriasPorCarreraBean.swift; sourceTree = "<group>"; };
		9C81DEA22116A8D700203F89 /* ResponseObtenerDetalleMateriaBean.swift */ = {isa = PBXFileReference; lastKnownFileType = sourcecode.swift; path = ResponseObtenerDetalleMateriaBean.swift; sourceTree = "<group>"; };
		9C81DEA42116A94000203F89 /* ResponsePagosPorAlumnoBean.swift */ = {isa = PBXFileReference; lastKnownFileType = sourcecode.swift; path = ResponsePagosPorAlumnoBean.swift; sourceTree = "<group>"; };
		9C81DEA621174F4B00203F89 /* ResponsePersisteRegistroDispositivoBean.swift */ = {isa = PBXFileReference; lastKnownFileType = sourcecode.swift; path = ResponsePersisteRegistroDispositivoBean.swift; sourceTree = "<group>"; };
		9C81DEA821174FDC00203F89 /* ResponsePersistirIdFirebaseBean.swift */ = {isa = PBXFileReference; lastKnownFileType = sourcecode.swift; path = ResponsePersistirIdFirebaseBean.swift; sourceTree = "<group>"; };
		9C81DEAA2117504000203F89 /* ResponseSubChildRespuestaBean.swift */ = {isa = PBXFileReference; lastKnownFileType = sourcecode.swift; path = ResponseSubChildRespuestaBean.swift; sourceTree = "<group>"; };
		9C81DEAC2117565600203F89 /* ResponseTokenBean.swift */ = {isa = PBXFileReference; lastKnownFileType = sourcecode.swift; path = ResponseTokenBean.swift; sourceTree = "<group>"; };
		9C81DEAE2117573400203F89 /* ResponseUsuarioBean.swift */ = {isa = PBXFileReference; lastKnownFileType = sourcecode.swift; path = ResponseUsuarioBean.swift; sourceTree = "<group>"; };
		9C81DEB0211757C100203F89 /* RespuestaValidaCuentaAlumnoBean.swift */ = {isa = PBXFileReference; lastKnownFileType = sourcecode.swift; path = RespuestaValidaCuentaAlumnoBean.swift; sourceTree = "<group>"; };
		9C81DEB22117584D00203F89 /* ResponseValidaCuentaAlumnoBean.swift */ = {isa = PBXFileReference; lastKnownFileType = sourcecode.swift; path = ResponseValidaCuentaAlumnoBean.swift; sourceTree = "<group>"; };
		9C81DEB4211765F000203F89 /* SessionBean.swift */ = {isa = PBXFileReference; lastKnownFileType = sourcecode.swift; path = SessionBean.swift; sourceTree = "<group>"; };
		9C81DEB6211768C300203F89 /* TabPagoBean.swift */ = {isa = PBXFileReference; lastKnownFileType = sourcecode.swift; path = TabPagoBean.swift; sourceTree = "<group>"; };
		9C81DEB82117694000203F89 /* Task.swift */ = {isa = PBXFileReference; lastKnownFileType = sourcecode.swift; path = Task.swift; sourceTree = "<group>"; };
		9C81DEBA211769D800203F89 /* Task2.swift */ = {isa = PBXFileReference; lastKnownFileType = sourcecode.swift; path = Task2.swift; sourceTree = "<group>"; };
		9C81DEBC21176A5F00203F89 /* Token.swift */ = {isa = PBXFileReference; lastKnownFileType = sourcecode.swift; path = Token.swift; sourceTree = "<group>"; };
		9C81DEBE21176AAC00203F89 /* TokenOautBean.swift */ = {isa = PBXFileReference; lastKnownFileType = sourcecode.swift; path = TokenOautBean.swift; sourceTree = "<group>"; };
		9C81DEC221176B7000203F89 /* VersionAppBean.swift */ = {isa = PBXFileReference; lastKnownFileType = sourcecode.swift; path = VersionAppBean.swift; sourceTree = "<group>"; };
		9C81DEC42117917A00203F89 /* ResponseBean.swift */ = {isa = PBXFileReference; lastKnownFileType = sourcecode.swift; path = ResponseBean.swift; sourceTree = "<group>"; };
		9C81DEC62117B3F700203F89 /* ValidarController.swift */ = {isa = PBXFileReference; lastKnownFileType = sourcecode.swift; path = ValidarController.swift; sourceTree = "<group>"; };
		9C81DEC92117CAA800203F89 /* Utilerias.swift */ = {isa = PBXFileReference; lastKnownFileType = sourcecode.swift; path = Utilerias.swift; sourceTree = "<group>"; };
		9C81DECC2117D00B00203F89 /* ValidarService.swift */ = {isa = PBXFileReference; lastKnownFileType = sourcecode.swift; path = ValidarService.swift; sourceTree = "<group>"; };
		9C81DECE2128C6CF00203F89 /* ConnectionService.swift */ = {isa = PBXFileReference; lastKnownFileType = sourcecode.swift; path = ConnectionService.swift; sourceTree = "<group>"; };
		9C81DED021290C8A00203F89 /* FirebaseService.swift */ = {isa = PBXFileReference; lastKnownFileType = sourcecode.swift; path = FirebaseService.swift; sourceTree = "<group>"; };
		9C81DED2212921BF00203F89 /* RestService.swift */ = {isa = PBXFileReference; lastKnownFileType = sourcecode.swift; path = RestService.swift; sourceTree = "<group>"; };
		9C81DEE0212A06BB00203F89 /* SWRevealViewController.m */ = {isa = PBXFileReference; fileEncoding = 4; lastKnownFileType = sourcecode.c.objc; path = SWRevealViewController.m; sourceTree = "<group>"; };
		9C81DEE1212A06BB00203F89 /* SWRevealViewController.h */ = {isa = PBXFileReference; fileEncoding = 4; lastKnownFileType = sourcecode.c.h; path = SWRevealViewController.h; sourceTree = "<group>"; };
		9C81DEE6212A0BB300203F89 /* CepcmApp-Bridging-Header.h */ = {isa = PBXFileReference; lastKnownFileType = sourcecode.c.h; path = "CepcmApp-Bridging-Header.h"; sourceTree = "<group>"; };
		9C8F568521324EB000AC38ED /* InicioController.swift */ = {isa = PBXFileReference; lastKnownFileType = sourcecode.swift; path = InicioController.swift; sourceTree = "<group>"; };
		9C9758FC217C13F7005E44C7 /* CalificacionesService.swift */ = {isa = PBXFileReference; lastKnownFileType = sourcecode.swift; path = CalificacionesService.swift; sourceTree = "<group>"; };
		9CB7D5F3218FBB430040E5F2 /* DetalleCalificacionesService.swift */ = {isa = PBXFileReference; lastKnownFileType = sourcecode.swift; path = DetalleCalificacionesService.swift; sourceTree = "<group>"; };
		9CE9576E21336DA100C1CE2D /* IniciarSesionService.swift */ = {isa = PBXFileReference; lastKnownFileType = sourcecode.swift; path = IniciarSesionService.swift; sourceTree = "<group>"; };
		9CFDDFBC210509D200EFFDF8 /* RegistroController.swift */ = {isa = PBXFileReference; lastKnownFileType = sourcecode.swift; path = RegistroController.swift; sourceTree = "<group>"; };
		C9DB57D5F63E8EF1E3AF2A40 /* Pods_CepcmApp.framework */ = {isa = PBXFileReference; explicitFileType = wrapper.framework; includeInIndex = 0; path = Pods_CepcmApp.framework; sourceTree = BUILT_PRODUCTS_DIR; };
/* End PBXFileReference section */

/* Begin PBXFrameworksBuildPhase section */
		9C71D4BD2102D51800CF131A /* Frameworks */ = {
			isa = PBXFrameworksBuildPhase;
			buildActionMask = 2147483647;
			files = (
				BCAD3B13C1EF8DA68F4D1736 /* Pods_CepcmApp.framework in Frameworks */,
			);
			runOnlyForDeploymentPostprocessing = 0;
		};
/* End PBXFrameworksBuildPhase section */

/* Begin PBXGroup section */
		3806BCDFC8CA15F09BEBA1D2 /* Frameworks */ = {
			isa = PBXGroup;
			children = (
				C9DB57D5F63E8EF1E3AF2A40 /* Pods_CepcmApp.framework */,
			);
			name = Frameworks;
			sourceTree = "<group>";
		};
		410E897F216FDC2800565D4B /* Model */ = {
			isa = PBXGroup;
			children = (
				41E5683A2178E59600D9F014 /* Session */,
				410E8982216FDC5000565D4B /* PushNotification.swift */,
				415DE8852178F74F00C3D229 /* MateriasCell.swift */,
				9C338D6E217D3599006DDF51 /* CalificacionCell.swift */,
			);
			path = Model;
			sourceTree = "<group>";
		};
		410E8989216FDD0400565D4B /* CEPCM_Framework */ = {
			isa = PBXGroup;
			children = (
				410E898A216FDD1400565D4B /* LoadingController.swift */,
			);
			path = CEPCM_Framework;
			sourceTree = "<group>";
		};
		419B7A65218B76A20090282C /* Cells */ = {
			isa = PBXGroup;
			children = (
				419B7A66218B76CD0090282C /* CustomTblViewCellMaterias.swift */,
			);
			path = Cells;
			sourceTree = "<group>";
		};
		41E5683A2178E59600D9F014 /* Session */ = {
			isa = PBXGroup;
			children = (
				410E8980216FDC3900565D4B /* Session.swift */,
				410E8984216FDC6D00565D4B /* DeviceToken.swift */,
				412BBCA32174EA6300F16F50 /* TokenOaut.swift */,
				410E8986216FDC8100565D4B /* User.swift */,
				41E5683B2178E5BC00D9F014 /* Grupo.swift */,
				9C770D2E2185432E00733E02 /* ListaCalificaciones.swift */,
			);
			path = Session;
			sourceTree = "<group>";
		};
		9C71D4B72102D51800CF131A = {
			isa = PBXGroup;
			children = (
				9C71D4C22102D51800CF131A /* CepcmApp */,
				9C71D4C12102D51800CF131A /* Products */,
				E58D0909938163F71B7C5F5F /* Pods */,
				3806BCDFC8CA15F09BEBA1D2 /* Frameworks */,
			);
			sourceTree = "<group>";
		};
		9C71D4C12102D51800CF131A /* Products */ = {
			isa = PBXGroup;
			children = (
				9C71D4C02102D51800CF131A /* CepcmApp.app */,
			);
			name = Products;
			sourceTree = "<group>";
		};
		9C71D4C22102D51800CF131A /* CepcmApp */ = {
			isa = PBXGroup;
			children = (
				410E8989216FDD0400565D4B /* CEPCM_Framework */,
				410E897F216FDC2800565D4B /* Model */,
				9C81DEE6212A0BB300203F89 /* CepcmApp-Bridging-Header.h */,
				9C81DED42129259500203F89 /* Controllers */,
				9C81DECB2117CF0700203F89 /* Services */,
				9C81DEC82117CA7600203F89 /* Utils */,
				9C81DE572116761C00203F89 /* Jsons */,
				9C71D4C32102D51800CF131A /* AppDelegate.swift */,
				9C71D4C52102D51800CF131A /* ViewController.swift */,
				9C81DEE1212A06BB00203F89 /* SWRevealViewController.h */,
				9C81DEE0212A06BB00203F89 /* SWRevealViewController.m */,
				419B7A63218B75060090282C /* viewTblCellMaterias.xib */,
				9C71D4C72102D51800CF131A /* Main.storyboard */,
				9C81DEC62117B3F700203F89 /* ValidarController.swift */,
				9CFDDFBC210509D200EFFDF8 /* RegistroController.swift */,
				9C71D4CA2102D51800CF131A /* Assets.xcassets */,
				9C5AEF8B21054C3E00D821D1 /* Des-GoogleService-Info.plist */,
				9C71D4CC2102D51800CF131A /* LaunchScreen.storyboard */,
				9C71D4CF2102D51800CF131A /* Info.plist */,
				41A1A0A4216CEBCF001C302A /* Config.plist */,
			);
			path = CepcmApp;
			sourceTree = "<group>";
		};
		9C81DE572116761C00203F89 /* Jsons */ = {
			isa = PBXGroup;
			children = (
				9C81DE582116794E00203F89 /* AlumnoBean.swift */,
				9C81DE5A211679F200203F89 /* CalendarioMateriaBean.swift */,
				9C81DE5C21167D9800203F89 /* CalificacionDetalleBean.swift */,
				9C81DE5E21167E8500203F89 /* CalificacionesBean.swift */,
				9C81DE6021167FB000203F89 /* CalificacionMateriaBean.swift */,
				9C81DE62211680D700203F89 /* CarreraBean.swift */,
				9C81DE642116816700203F89 /* ConceptoAsistenciaBean.swift */,
				9C81DE66211681D100203F89 /* ConceptoPagoBean.swift */,
				9C81DE682116824100203F89 /* ConfiguracionBackEndBean.swift */,
				9C81DE6A211682BF00203F89 /* ConfiguracionBannerBean.swift */,
				9C81DE6C2116834E00203F89 /* ConfiguracionFirebase.swift */,
				9C81DE6E211683D000203F89 /* ConfiguracionModuloFirebase.swift */,
				9C81DE702116846300203F89 /* ConfiguracionVersionBean.swift */,
				9C81DE72211684C700203F89 /* DeviceTokenBean.swift */,
				9C81DE74211684F200203F89 /* DocenteBean.swift */,
				9C81DE76211685A800203F89 /* GrupoBean.swift */,
				9C81DE782116863F00203F89 /* ImagenBannerBean.swift */,
				9C81DE7A2116868A00203F89 /* ItemBean.swift */,
				9C81DE7C2116889A00203F89 /* MateriaBean.swift */,
				9C81DE7E2116896A00203F89 /* MateriaCarreraBean.swift */,
				9C81DE802116904C00203F89 /* NotificacionBean.swift */,
				9C81DE822116938C00203F89 /* PagoBean.swift */,
				9C81DE842116945300203F89 /* PagosBean.swift */,
				9C81DE862116974400203F89 /* PagosPorAlumnoBean.swift */,
				9C81DE8821169D8E00203F89 /* PromedioBean.swift */,
				9C81DE8A21169DF700203F89 /* RequestPersistirIdFirebaseBean.swift */,
				9C81DE8C21169E7E00203F89 /* RequestRegisterBean.swift */,
				9C81DE8E21169EDA00203F89 /* RequestUsuario.swift */,
				9C81DE9021169F1D00203F89 /* ResponseBase.swift */,
				9C81DE942116A28000203F89 /* ResponseCalendarioEscolarBean.swift */,
				9C81DE962116A42700203F89 /* ResponseCalificacionesPorAlumnoGrupoBean.swift */,
				9C81DE982116A4E000203F89 /* ResponseChildRespuestaBean.swift */,
				9C81DE9A2116A57700203F89 /* ResponseCommonItemBean.swift */,
				9C81DE9C2116A5CA00203F89 /* ResponseConfiguracionAppBean.swift */,
				9C81DE9E2116A65000203F89 /* ResponseErrorBean.swift */,
				412BBCA921762A1700F16F50 /* ResponseErrorOauthBean.swift */,
				9C81DEA02116A75F00203F89 /* ResponseMateriasPorCarreraBean.swift */,
				9C81DEA22116A8D700203F89 /* ResponseObtenerDetalleMateriaBean.swift */,
				9C81DEA42116A94000203F89 /* ResponsePagosPorAlumnoBean.swift */,
				9C81DEA621174F4B00203F89 /* ResponsePersisteRegistroDispositivoBean.swift */,
				9C81DEA821174FDC00203F89 /* ResponsePersistirIdFirebaseBean.swift */,
				9C81DEAA2117504000203F89 /* ResponseSubChildRespuestaBean.swift */,
				9C81DEAC2117565600203F89 /* ResponseTokenBean.swift */,
				9C81DEAE2117573400203F89 /* ResponseUsuarioBean.swift */,
				9C81DEB0211757C100203F89 /* RespuestaValidaCuentaAlumnoBean.swift */,
				9C81DEB22117584D00203F89 /* ResponseValidaCuentaAlumnoBean.swift */,
				9C81DEB4211765F000203F89 /* SessionBean.swift */,
				9C81DEB6211768C300203F89 /* TabPagoBean.swift */,
				9C81DEB82117694000203F89 /* Task.swift */,
				9C81DEBA211769D800203F89 /* Task2.swift */,
				9C81DEBC21176A5F00203F89 /* Token.swift */,
				9C81DEBE21176AAC00203F89 /* TokenOautBean.swift */,
				9C81DEC221176B7000203F89 /* VersionAppBean.swift */,
				9C81DEC42117917A00203F89 /* ResponseBean.swift */,
				410E8977216FDB0700565D4B /* ErrorBean.swift */,
				416EE5D62174DE1E0007E5E9 /* RequestRegistraDispositivoBean.swift */,
				416EE5D82174DFB10007E5E9 /* ResponseRegistroDispositivoBean.swift */,
				416EE5DA2174E0230007E5E9 /* RespuestaRegistroDispositivoBean.swift */,
				412BBCA52174EDBC00F16F50 /* RequestGeneraTokenBean.swift */,
				412BBCA721761C6700F16F50 /* ResponseBaseOAuth.swift */,
			);
			path = Jsons;
			sourceTree = SOURCE_ROOT;
		};
		9C81DEC82117CA7600203F89 /* Utils */ = {
			isa = PBXGroup;
			children = (
				9C81DEC92117CAA800203F89 /* Utilerias.swift */,
				9C042F97213B6EC200292A1E /* ImageCollectionViewCell.swift */,
				4161D065216FD9ED004D6304 /* URLHandler.swift */,
				4161D067216FDA36004D6304 /* ServiciosUtil.swift */,
				410E8975216FDAAC00565D4B /* RUtil.swift */,
				410E8979216FDB3900565D4B /* Constants.swift */,
				410E897B216FDB7500565D4B /* Colors.swift */,
				410E897D216FDB9100565D4B /* Fonts.swift */,
			);
			path = Utils;
			sourceTree = SOURCE_ROOT;
		};
		9C81DECB2117CF0700203F89 /* Services */ = {
			isa = PBXGroup;
			children = (
				9C81DECC2117D00B00203F89 /* ValidarService.swift */,
				9C81DECE2128C6CF00203F89 /* ConnectionService.swift */,
				9C81DED021290C8A00203F89 /* FirebaseService.swift */,
				9C81DED2212921BF00203F89 /* RestService.swift */,
				9CE9576E21336DA100C1CE2D /* IniciarSesionService.swift */,
				9C0005C6216AB6C800F428D4 /* MateriasService.swift */,
				416EE5D42174DDCE0007E5E9 /* RegistroService.swift */,
				9C9758FC217C13F7005E44C7 /* CalificacionesService.swift */,
				9CB7D5F3218FBB430040E5F2 /* DetalleCalificacionesService.swift */,
			);
			path = Services;
			sourceTree = SOURCE_ROOT;
		};
		9C81DED42129259500203F89 /* Controllers */ = {
			isa = PBXGroup;
			children = (
				419B7A65218B76A20090282C /* Cells */,
				9C1BA18D212A21CB004A4118 /* SideMenuController.swift */,
				9C1BA18F212A2274004A4118 /* PrincipalController.swift */,
				9C8F568521324EB000AC38ED /* InicioController.swift */,
				9C433C5721325291008A92B8 /* TerminosController.swift */,
				9C433C5921325994008A92B8 /* NotificacionController.swift */,
				9C433C5B21325E2A008A92B8 /* NovedadesController.swift */,
				9C433C5D21326A76008A92B8 /* AcercaController.swift */,
				9C433C5F21334E6D008A92B8 /* SesionController.swift */,
				9C042F99213C62D500292A1E /* AdeudoController.swift */,
				9C042F9B213C642B00292A1E /* CalificacionController.swift */,
				9C042F9D213C656A00292A1E /* MateriaController.swift */,
				9C042F9F213C664A00292A1E /* PagosController.swift */,
				9C042FA1213CA19300292A1E /* RecuperarController.swift */,
				9C338D70217E02BA006DDF51 /* DetalleCalificacionController.swift */,
			);
			path = Controllers;
			sourceTree = SOURCE_ROOT;
		};
		E58D0909938163F71B7C5F5F /* Pods */ = {
			isa = PBXGroup;
			children = (
				3CD1DBA012A668125916E99E /* Pods-CepcmApp.debug.xcconfig */,
				1BA9995596CE3D2AA58A3F1D /* Pods-CepcmApp.release.xcconfig */,
			);
			name = Pods;
			sourceTree = "<group>";
		};
/* End PBXGroup section */

/* Begin PBXNativeTarget section */
		9C71D4BF2102D51800CF131A /* CepcmApp */ = {
			isa = PBXNativeTarget;
			buildConfigurationList = 9C71D4D22102D51800CF131A /* Build configuration list for PBXNativeTarget "CepcmApp" */;
			buildPhases = (
				989A87F5A6D783E55970AA3E /* [CP] Check Pods Manifest.lock */,
				9C71D4BC2102D51800CF131A /* Sources */,
				9C71D4BD2102D51800CF131A /* Frameworks */,
				9C71D4BE2102D51800CF131A /* Resources */,
				E010EB99536E8E8C09B85538 /* [CP] Embed Pods Frameworks */,
			);
			buildRules = (
			);
			dependencies = (
			);
			name = CepcmApp;
			productName = CepcmApp;
			productReference = 9C71D4C02102D51800CF131A /* CepcmApp.app */;
			productType = "com.apple.product-type.application";
		};
/* End PBXNativeTarget section */

/* Begin PBXProject section */
		9C71D4B82102D51800CF131A /* Project object */ = {
			isa = PBXProject;
			attributes = {
				LastSwiftUpdateCheck = 0920;
				LastUpgradeCheck = 0920;
				ORGANIZATIONNAME = "marco polo navarrete";
				TargetAttributes = {
					9C71D4BF2102D51800CF131A = {
						CreatedOnToolsVersion = 9.2;
						LastSwiftMigration = 0920;
						ProvisioningStyle = Automatic;
					};
				};
			};
			buildConfigurationList = 9C71D4BB2102D51800CF131A /* Build configuration list for PBXProject "CepcmApp" */;
			compatibilityVersion = "Xcode 8.0";
			developmentRegion = en;
			hasScannedForEncodings = 0;
			knownRegions = (
				en,
				Base,
			);
			mainGroup = 9C71D4B72102D51800CF131A;
			productRefGroup = 9C71D4C12102D51800CF131A /* Products */;
			projectDirPath = "";
			projectRoot = "";
			targets = (
				9C71D4BF2102D51800CF131A /* CepcmApp */,
			);
		};
/* End PBXProject section */

/* Begin PBXResourcesBuildPhase section */
		9C71D4BE2102D51800CF131A /* Resources */ = {
			isa = PBXResourcesBuildPhase;
			buildActionMask = 2147483647;
			files = (
				9C71D4CE2102D51800CF131A /* LaunchScreen.storyboard in Resources */,
				9C5AEF8C21054C3F00D821D1 /* Des-GoogleService-Info.plist in Resources */,
				9C71D4CB2102D51800CF131A /* Assets.xcassets in Resources */,
				41A1A0A5216CEBCF001C302A /* Config.plist in Resources */,
				9C71D4C92102D51800CF131A /* Main.storyboard in Resources */,
				419B7A64218B75060090282C /* viewTblCellMaterias.xib in Resources */,
			);
			runOnlyForDeploymentPostprocessing = 0;
		};
/* End PBXResourcesBuildPhase section */

/* Begin PBXShellScriptBuildPhase section */
		989A87F5A6D783E55970AA3E /* [CP] Check Pods Manifest.lock */ = {
			isa = PBXShellScriptBuildPhase;
			buildActionMask = 2147483647;
			files = (
			);
			inputPaths = (
				"${PODS_PODFILE_DIR_PATH}/Podfile.lock",
				"${PODS_ROOT}/Manifest.lock",
			);
			name = "[CP] Check Pods Manifest.lock";
			outputPaths = (
				"$(DERIVED_FILE_DIR)/Pods-CepcmApp-checkManifestLockResult.txt",
			);
			runOnlyForDeploymentPostprocessing = 0;
			shellPath = /bin/sh;
			shellScript = "diff \"${PODS_PODFILE_DIR_PATH}/Podfile.lock\" \"${PODS_ROOT}/Manifest.lock\" > /dev/null\nif [ $? != 0 ] ; then\n    # print error to STDERR\n    echo \"error: The sandbox is not in sync with the Podfile.lock. Run 'pod install' or update your CocoaPods installation.\" >&2\n    exit 1\nfi\n# This output is used by Xcode 'outputs' to avoid re-running this script phase.\necho \"SUCCESS\" > \"${SCRIPT_OUTPUT_FILE_0}\"\n";
			showEnvVarsInLog = 0;
		};
		E010EB99536E8E8C09B85538 /* [CP] Embed Pods Frameworks */ = {
			isa = PBXShellScriptBuildPhase;
			buildActionMask = 2147483647;
			files = (
			);
			inputPaths = (
				"${SRCROOT}/Pods/Target Support Files/Pods-CepcmApp/Pods-CepcmApp-frameworks.sh",
				"${BUILT_PRODUCTS_DIR}/Alamofire/Alamofire.framework",
				"${BUILT_PRODUCTS_DIR}/CalendarKit/CalendarKit.framework",
				"${BUILT_PRODUCTS_DIR}/DateToolsSwift/DateToolsSwift.framework",
				"${BUILT_PRODUCTS_DIR}/GTMSessionFetcher/GTMSessionFetcher.framework",
				"${BUILT_PRODUCTS_DIR}/GoogleToolboxForMac/GoogleToolboxForMac.framework",
				"${BUILT_PRODUCTS_DIR}/ImageSlideshow/ImageSlideshow.framework",
				"${BUILT_PRODUCTS_DIR}/KeychainSwift/KeychainSwift.framework",
				"${BUILT_PRODUCTS_DIR}/MaterialComponents/MaterialComponents.framework",
				"${BUILT_PRODUCTS_DIR}/Neon/Neon.framework",
				"${BUILT_PRODUCTS_DIR}/SideMenu/SideMenu.framework",
				"${BUILT_PRODUCTS_DIR}/leveldb-library/leveldb.framework",
				"${BUILT_PRODUCTS_DIR}/nanopb/nanopb.framework",
			);
			name = "[CP] Embed Pods Frameworks";
			outputPaths = (
				"${TARGET_BUILD_DIR}/${FRAMEWORKS_FOLDER_PATH}/Alamofire.framework",
				"${TARGET_BUILD_DIR}/${FRAMEWORKS_FOLDER_PATH}/CalendarKit.framework",
				"${TARGET_BUILD_DIR}/${FRAMEWORKS_FOLDER_PATH}/DateToolsSwift.framework",
				"${TARGET_BUILD_DIR}/${FRAMEWORKS_FOLDER_PATH}/GTMSessionFetcher.framework",
				"${TARGET_BUILD_DIR}/${FRAMEWORKS_FOLDER_PATH}/GoogleToolboxForMac.framework",
				"${TARGET_BUILD_DIR}/${FRAMEWORKS_FOLDER_PATH}/ImageSlideshow.framework",
				"${TARGET_BUILD_DIR}/${FRAMEWORKS_FOLDER_PATH}/KeychainSwift.framework",
				"${TARGET_BUILD_DIR}/${FRAMEWORKS_FOLDER_PATH}/MaterialComponents.framework",
				"${TARGET_BUILD_DIR}/${FRAMEWORKS_FOLDER_PATH}/Neon.framework",
				"${TARGET_BUILD_DIR}/${FRAMEWORKS_FOLDER_PATH}/SideMenu.framework",
				"${TARGET_BUILD_DIR}/${FRAMEWORKS_FOLDER_PATH}/leveldb.framework",
				"${TARGET_BUILD_DIR}/${FRAMEWORKS_FOLDER_PATH}/nanopb.framework",
			);
			runOnlyForDeploymentPostprocessing = 0;
			shellPath = /bin/sh;
			shellScript = "\"${SRCROOT}/Pods/Target Support Files/Pods-CepcmApp/Pods-CepcmApp-frameworks.sh\"\n";
			showEnvVarsInLog = 0;
		};
/* End PBXShellScriptBuildPhase section */

/* Begin PBXSourcesBuildPhase section */
		9C71D4BC2102D51800CF131A /* Sources */ = {
			isa = PBXSourcesBuildPhase;
			buildActionMask = 2147483647;
			files = (
				9C71D4C62102D51800CF131A /* ViewController.swift in Sources */,
				9C81DE77211685A800203F89 /* GrupoBean.swift in Sources */,
				9C81DE5F21167E8500203F89 /* CalificacionesBean.swift in Sources */,
				9C81DE7B2116868A00203F89 /* ItemBean.swift in Sources */,
				9C042F9C213C642B00292A1E /* CalificacionController.swift in Sources */,
				9C81DE832116938C00203F89 /* PagoBean.swift in Sources */,
				9C81DE73211684C700203F89 /* DeviceTokenBean.swift in Sources */,
				9C81DE8921169D8E00203F89 /* PromedioBean.swift in Sources */,
				9C042FA2213CA19300292A1E /* RecuperarController.swift in Sources */,
				9C81DECD2117D00B00203F89 /* ValidarService.swift in Sources */,
				9C81DEBB211769D800203F89 /* Task2.swift in Sources */,
				410E897A216FDB3900565D4B /* Constants.swift in Sources */,
				9C81DE812116904C00203F89 /* NotificacionBean.swift in Sources */,
				412BBCA821761C6700F16F50 /* ResponseBaseOAuth.swift in Sources */,
				416EE5D92174DFB10007E5E9 /* ResponseRegistroDispositivoBean.swift in Sources */,
				416EE5D72174DE1E0007E5E9 /* RequestRegistraDispositivoBean.swift in Sources */,
				9C1BA190212A2274004A4118 /* PrincipalController.swift in Sources */,
				9C81DEBD21176A5F00203F89 /* Token.swift in Sources */,
				9C433C5A21325994008A92B8 /* NotificacionController.swift in Sources */,
				9C81DEB92117694000203F89 /* Task.swift in Sources */,
				9C770D2F2185432F00733E02 /* ListaCalificaciones.swift in Sources */,
				9C81DE692116824100203F89 /* ConfiguracionBackEndBean.swift in Sources */,
				9C81DEB7211768C300203F89 /* TabPagoBean.swift in Sources */,
				9C81DE75211684F200203F89 /* DocenteBean.swift in Sources */,
				9C81DEA52116A94000203F89 /* ResponsePagosPorAlumnoBean.swift in Sources */,
				9C81DED121290C8A00203F89 /* FirebaseService.swift in Sources */,
				9C81DE652116816700203F89 /* ConceptoAsistenciaBean.swift in Sources */,
				9C81DEA32116A8D700203F89 /* ResponseObtenerDetalleMateriaBean.swift in Sources */,
				41E5683C2178E5BC00D9F014 /* Grupo.swift in Sources */,
				9C9758FD217C13F7005E44C7 /* CalificacionesService.swift in Sources */,
				9C81DEB32117584D00203F89 /* ResponseValidaCuentaAlumnoBean.swift in Sources */,
				9C042F98213B6EC200292A1E /* ImageCollectionViewCell.swift in Sources */,
				9C81DE592116794E00203F89 /* AlumnoBean.swift in Sources */,
				9C81DE7F2116896A00203F89 /* MateriaCarreraBean.swift in Sources */,
				9C81DEB1211757C100203F89 /* RespuestaValidaCuentaAlumnoBean.swift in Sources */,
				4161D066216FD9ED004D6304 /* URLHandler.swift in Sources */,
				9C81DE7D2116889A00203F89 /* MateriaBean.swift in Sources */,
				9C042F9E213C656A00292A1E /* MateriaController.swift in Sources */,
				9C81DEB5211765F000203F89 /* SessionBean.swift in Sources */,
				9C81DE5D21167D9800203F89 /* CalificacionDetalleBean.swift in Sources */,
				415DE8862178F74F00C3D229 /* MateriasCell.swift in Sources */,
				9C81DE6D2116834E00203F89 /* ConfiguracionFirebase.swift in Sources */,
				9C81DE67211681D100203F89 /* ConceptoPagoBean.swift in Sources */,
				9C338D71217E02BB006DDF51 /* DetalleCalificacionController.swift in Sources */,
				9C433C6021334E6D008A92B8 /* SesionController.swift in Sources */,
				416EE5DB2174E0230007E5E9 /* RespuestaRegistroDispositivoBean.swift in Sources */,
				9C81DEA721174F4B00203F89 /* ResponsePersisteRegistroDispositivoBean.swift in Sources */,
				412BBCA62174EDBC00F16F50 /* RequestGeneraTokenBean.swift in Sources */,
				9C81DED3212921BF00203F89 /* RestService.swift in Sources */,
				9C81DEAD2117565600203F89 /* ResponseTokenBean.swift in Sources */,
				410E8983216FDC5000565D4B /* PushNotification.swift in Sources */,
				9C81DEC321176B7000203F89 /* VersionAppBean.swift in Sources */,
				9C81DEA921174FDC00203F89 /* ResponsePersistirIdFirebaseBean.swift in Sources */,
				9C81DE6F211683D000203F89 /* ConfiguracionModuloFirebase.swift in Sources */,
				9C81DE5B211679F200203F89 /* CalendarioMateriaBean.swift in Sources */,
				9C81DEC52117917A00203F89 /* ResponseBean.swift in Sources */,
				9C042FA0213C664A00292A1E /* PagosController.swift in Sources */,
				9C81DEA12116A75F00203F89 /* ResponseMateriasPorCarreraBean.swift in Sources */,
				9C81DE63211680D700203F89 /* CarreraBean.swift in Sources */,
				9CFDDFBD210509D200EFFDF8 /* RegistroController.swift in Sources */,
				9C81DE872116974400203F89 /* PagosPorAlumnoBean.swift in Sources */,
				9C81DEBF21176AAC00203F89 /* TokenOautBean.swift in Sources */,
				9C042F9A213C62D500292A1E /* AdeudoController.swift in Sources */,
				9C0005C7216AB6C800F428D4 /* MateriasService.swift in Sources */,
				9C81DE8F21169EDA00203F89 /* RequestUsuario.swift in Sources */,
				9C81DE9F2116A65000203F89 /* ResponseErrorBean.swift in Sources */,
				9C81DE9121169F1D00203F89 /* ResponseBase.swift in Sources */,
				9C81DECF2128C6CF00203F89 /* ConnectionService.swift in Sources */,
				9C81DEAF2117573400203F89 /* ResponseUsuarioBean.swift in Sources */,
				410E8985216FDC6D00565D4B /* DeviceToken.swift in Sources */,
				419B7A67218B76CD0090282C /* CustomTblViewCellMaterias.swift in Sources */,
				9C81DE992116A4E000203F89 /* ResponseChildRespuestaBean.swift in Sources */,
				410E8981216FDC3900565D4B /* Session.swift in Sources */,
				9C81DE712116846300203F89 /* ConfiguracionVersionBean.swift in Sources */,
				9C8F568621324EB000AC38ED /* InicioController.swift in Sources */,
				410E8987216FDC8100565D4B /* User.swift in Sources */,
				412BBCA42174EA6300F16F50 /* TokenOaut.swift in Sources */,
				9CB7D5F4218FBB430040E5F2 /* DetalleCalificacionesService.swift in Sources */,
				9C81DE6121167FB000203F89 /* CalificacionMateriaBean.swift in Sources */,
				9C81DE852116945300203F89 /* PagosBean.swift in Sources */,
				410E8976216FDAAC00565D4B /* RUtil.swift in Sources */,
				9C338D6F217D3599006DDF51 /* CalificacionCell.swift in Sources */,
				9C81DE952116A28000203F89 /* ResponseCalendarioEscolarBean.swift in Sources */,
				9C81DE972116A42700203F89 /* ResponseCalificacionesPorAlumnoGrupoBean.swift in Sources */,
				9C81DE6B211682BF00203F89 /* ConfiguracionBannerBean.swift in Sources */,
				9CE9576F21336DA100C1CE2D /* IniciarSesionService.swift in Sources */,
				9C81DE8B21169DF700203F89 /* RequestPersistirIdFirebaseBean.swift in Sources */,
				9C1BA18E212A21CB004A4118 /* SideMenuController.swift in Sources */,
				410E8978216FDB0700565D4B /* ErrorBean.swift in Sources */,
				410E897C216FDB7500565D4B /* Colors.swift in Sources */,
				412BBCAA21762A1700F16F50 /* ResponseErrorOauthBean.swift in Sources */,
				9C81DE792116863F00203F89 /* ImagenBannerBean.swift in Sources */,
				9C81DE9D2116A5CA00203F89 /* ResponseConfiguracionAppBean.swift in Sources */,
				4161D068216FDA36004D6304 /* ServiciosUtil.swift in Sources */,
				9C433C5C21325E2A008A92B8 /* NovedadesController.swift in Sources */,
				9C81DE8D21169E7E00203F89 /* RequestRegisterBean.swift in Sources */,
				9C433C5E21326A76008A92B8 /* AcercaController.swift in Sources */,
				410E897E216FDB9100565D4B /* Fonts.swift in Sources */,
				9C71D4C42102D51800CF131A /* AppDelegate.swift in Sources */,
				416EE5D52174DDCE0007E5E9 /* RegistroService.swift in Sources */,
				9C81DEE2212A06BB00203F89 /* SWRevealViewController.m in Sources */,
				410E898B216FDD1400565D4B /* LoadingController.swift in Sources */,
				9C81DE9B2116A57700203F89 /* ResponseCommonItemBean.swift in Sources */,
				9C433C5821325291008A92B8 /* TerminosController.swift in Sources */,
				9C81DECA2117CAA800203F89 /* Utilerias.swift in Sources */,
				9C81DEAB2117504000203F89 /* ResponseSubChildRespuestaBean.swift in Sources */,
				9C81DEC72117B3F700203F89 /* ValidarController.swift in Sources */,
			);
			runOnlyForDeploymentPostprocessing = 0;
		};
/* End PBXSourcesBuildPhase section */

/* Begin PBXVariantGroup section */
		9C71D4C72102D51800CF131A /* Main.storyboard */ = {
			isa = PBXVariantGroup;
			children = (
				9C71D4C82102D51800CF131A /* Base */,
			);
			name = Main.storyboard;
			sourceTree = "<group>";
			usesTabs = 0;
		};
		9C71D4CC2102D51800CF131A /* LaunchScreen.storyboard */ = {
			isa = PBXVariantGroup;
			children = (
				9C71D4CD2102D51800CF131A /* Base */,
			);
			name = LaunchScreen.storyboard;
			sourceTree = "<group>";
		};
/* End PBXVariantGroup section */

/* Begin XCBuildConfiguration section */
		9C71D4D02102D51800CF131A /* Debug */ = {
			isa = XCBuildConfiguration;
			buildSettings = {
				ALWAYS_SEARCH_USER_PATHS = NO;
				CLANG_ANALYZER_NONNULL = YES;
				CLANG_ANALYZER_NUMBER_OBJECT_CONVERSION = YES_AGGRESSIVE;
				CLANG_CXX_LANGUAGE_STANDARD = "gnu++14";
				CLANG_CXX_LIBRARY = "libc++";
				CLANG_ENABLE_MODULES = YES;
				CLANG_ENABLE_OBJC_ARC = YES;
				CLANG_WARN_BLOCK_CAPTURE_AUTORELEASING = YES;
				CLANG_WARN_BOOL_CONVERSION = YES;
				CLANG_WARN_COMMA = YES;
				CLANG_WARN_CONSTANT_CONVERSION = YES;
				CLANG_WARN_DIRECT_OBJC_ISA_USAGE = YES_ERROR;
				CLANG_WARN_DOCUMENTATION_COMMENTS = YES;
				CLANG_WARN_EMPTY_BODY = YES;
				CLANG_WARN_ENUM_CONVERSION = YES;
				CLANG_WARN_INFINITE_RECURSION = YES;
				CLANG_WARN_INT_CONVERSION = YES;
				CLANG_WARN_NON_LITERAL_NULL_CONVERSION = YES;
				CLANG_WARN_OBJC_LITERAL_CONVERSION = YES;
				CLANG_WARN_OBJC_ROOT_CLASS = YES_ERROR;
				CLANG_WARN_RANGE_LOOP_ANALYSIS = YES;
				CLANG_WARN_STRICT_PROTOTYPES = YES;
				CLANG_WARN_SUSPICIOUS_MOVE = YES;
				CLANG_WARN_UNGUARDED_AVAILABILITY = YES_AGGRESSIVE;
				CLANG_WARN_UNREACHABLE_CODE = YES;
				CLANG_WARN__DUPLICATE_METHOD_MATCH = YES;
				CODE_SIGN_IDENTITY = "iPhone Developer";
				COPY_PHASE_STRIP = NO;
				DEBUG_INFORMATION_FORMAT = dwarf;
				ENABLE_STRICT_OBJC_MSGSEND = YES;
				ENABLE_TESTABILITY = YES;
				GCC_C_LANGUAGE_STANDARD = gnu11;
				GCC_DYNAMIC_NO_PIC = NO;
				GCC_NO_COMMON_BLOCKS = YES;
				GCC_OPTIMIZATION_LEVEL = 0;
				GCC_PREPROCESSOR_DEFINITIONS = (
					"DEBUG=1",
					"$(inherited)",
				);
				GCC_WARN_64_TO_32_BIT_CONVERSION = YES;
				GCC_WARN_ABOUT_RETURN_TYPE = YES_ERROR;
				GCC_WARN_UNDECLARED_SELECTOR = YES;
				GCC_WARN_UNINITIALIZED_AUTOS = YES_AGGRESSIVE;
				GCC_WARN_UNUSED_FUNCTION = YES;
				GCC_WARN_UNUSED_VARIABLE = YES;
				IPHONEOS_DEPLOYMENT_TARGET = 11.2;
				MTL_ENABLE_DEBUG_INFO = YES;
				ONLY_ACTIVE_ARCH = YES;
				SDKROOT = iphoneos;
				SWIFT_ACTIVE_COMPILATION_CONDITIONS = DEBUG;
				SWIFT_OPTIMIZATION_LEVEL = "-Onone";
			};
			name = Debug;
		};
		9C71D4D12102D51800CF131A /* Release */ = {
			isa = XCBuildConfiguration;
			buildSettings = {
				ALWAYS_SEARCH_USER_PATHS = NO;
				CLANG_ANALYZER_NONNULL = YES;
				CLANG_ANALYZER_NUMBER_OBJECT_CONVERSION = YES_AGGRESSIVE;
				CLANG_CXX_LANGUAGE_STANDARD = "gnu++14";
				CLANG_CXX_LIBRARY = "libc++";
				CLANG_ENABLE_MODULES = YES;
				CLANG_ENABLE_OBJC_ARC = YES;
				CLANG_WARN_BLOCK_CAPTURE_AUTORELEASING = YES;
				CLANG_WARN_BOOL_CONVERSION = YES;
				CLANG_WARN_COMMA = YES;
				CLANG_WARN_CONSTANT_CONVERSION = YES;
				CLANG_WARN_DIRECT_OBJC_ISA_USAGE = YES_ERROR;
				CLANG_WARN_DOCUMENTATION_COMMENTS = YES;
				CLANG_WARN_EMPTY_BODY = YES;
				CLANG_WARN_ENUM_CONVERSION = YES;
				CLANG_WARN_INFINITE_RECURSION = YES;
				CLANG_WARN_INT_CONVERSION = YES;
				CLANG_WARN_NON_LITERAL_NULL_CONVERSION = YES;
				CLANG_WARN_OBJC_LITERAL_CONVERSION = YES;
				CLANG_WARN_OBJC_ROOT_CLASS = YES_ERROR;
				CLANG_WARN_RANGE_LOOP_ANALYSIS = YES;
				CLANG_WARN_STRICT_PROTOTYPES = YES;
				CLANG_WARN_SUSPICIOUS_MOVE = YES;
				CLANG_WARN_UNGUARDED_AVAILABILITY = YES_AGGRESSIVE;
				CLANG_WARN_UNREACHABLE_CODE = YES;
				CLANG_WARN__DUPLICATE_METHOD_MATCH = YES;
				CODE_SIGN_IDENTITY = "iPhone Developer";
				COPY_PHASE_STRIP = NO;
				DEBUG_INFORMATION_FORMAT = "dwarf-with-dsym";
				ENABLE_NS_ASSERTIONS = NO;
				ENABLE_STRICT_OBJC_MSGSEND = YES;
				GCC_C_LANGUAGE_STANDARD = gnu11;
				GCC_NO_COMMON_BLOCKS = YES;
				GCC_WARN_64_TO_32_BIT_CONVERSION = YES;
				GCC_WARN_ABOUT_RETURN_TYPE = YES_ERROR;
				GCC_WARN_UNDECLARED_SELECTOR = YES;
				GCC_WARN_UNINITIALIZED_AUTOS = YES_AGGRESSIVE;
				GCC_WARN_UNUSED_FUNCTION = YES;
				GCC_WARN_UNUSED_VARIABLE = YES;
				IPHONEOS_DEPLOYMENT_TARGET = 11.2;
				MTL_ENABLE_DEBUG_INFO = NO;
				SDKROOT = iphoneos;
				SWIFT_OPTIMIZATION_LEVEL = "-Owholemodule";
				VALIDATE_PRODUCT = YES;
			};
			name = Release;
		};
		9C71D4D32102D51800CF131A /* Debug */ = {
			isa = XCBuildConfiguration;
			baseConfigurationReference = 3CD1DBA012A668125916E99E /* Pods-CepcmApp.debug.xcconfig */;
			buildSettings = {
				ASSETCATALOG_COMPILER_APPICON_NAME = AppIcon;
				CLANG_ENABLE_MODULES = YES;
				CODE_SIGN_IDENTITY = "iPhone Developer";
				CODE_SIGN_STYLE = Automatic;
				DEVELOPMENT_TEAM = YHR87T77X7;
				INFOPLIST_FILE = CepcmApp/Info.plist;
				IPHONEOS_DEPLOYMENT_TARGET = 9.3;
				LD_RUNPATH_SEARCH_PATHS = "$(inherited) @executable_path/Frameworks";
				PRODUCT_BUNDLE_IDENTIFIER = com.mx.jtec.colpos.CepcmApp;
				PRODUCT_NAME = "$(TARGET_NAME)";
				PROVISIONING_PROFILE_SPECIFIER = "";
				SWIFT_OBJC_BRIDGING_HEADER = "CepcmApp/CepcmApp-Bridging-Header.h";
				SWIFT_OPTIMIZATION_LEVEL = "-Onone";
				SWIFT_VERSION = 4.0;
				TARGETED_DEVICE_FAMILY = 1;
			};
			name = Debug;
		};
		9C71D4D42102D51800CF131A /* Release */ = {
			isa = XCBuildConfiguration;
			baseConfigurationReference = 1BA9995596CE3D2AA58A3F1D /* Pods-CepcmApp.release.xcconfig */;
			buildSettings = {
				ASSETCATALOG_COMPILER_APPICON_NAME = AppIcon;
				CLANG_ENABLE_MODULES = YES;
				CODE_SIGN_IDENTITY = "iPhone Developer";
				CODE_SIGN_STYLE = Automatic;
				DEVELOPMENT_TEAM = YHR87T77X7;
				INFOPLIST_FILE = CepcmApp/Info.plist;
				IPHONEOS_DEPLOYMENT_TARGET = 9.3;
				LD_RUNPATH_SEARCH_PATHS = "$(inherited) @executable_path/Frameworks";
				PRODUCT_BUNDLE_IDENTIFIER = com.mx.jtec.colpos.CepcmApp;
				PRODUCT_NAME = "$(TARGET_NAME)";
				PROVISIONING_PROFILE_SPECIFIER = "";
				SWIFT_OBJC_BRIDGING_HEADER = "CepcmApp/CepcmApp-Bridging-Header.h";
				SWIFT_VERSION = 4.0;
				TARGETED_DEVICE_FAMILY = 1;
			};
			name = Release;
		};
/* End XCBuildConfiguration section */

/* Begin XCConfigurationList section */
		9C71D4BB2102D51800CF131A /* Build configuration list for PBXProject "CepcmApp" */ = {
			isa = XCConfigurationList;
			buildConfigurations = (
				9C71D4D02102D51800CF131A /* Debug */,
				9C71D4D12102D51800CF131A /* Release */,
			);
			defaultConfigurationIsVisible = 0;
			defaultConfigurationName = Release;
		};
		9C71D4D22102D51800CF131A /* Build configuration list for PBXNativeTarget "CepcmApp" */ = {
			isa = XCConfigurationList;
			buildConfigurations = (
				9C71D4D32102D51800CF131A /* Debug */,
				9C71D4D42102D51800CF131A /* Release */,
			);
			defaultConfigurationIsVisible = 0;
			defaultConfigurationName = Release;
		};
/* End XCConfigurationList section */
	};
	rootObject = 9C71D4B82102D51800CF131A /* Project object */;
}
